
Microsoft Visual Studio Solution File, Format Version 12.00
# Visual Studio 15
VisualStudioVersion = 15.0.27428.2002
MinimumVisualStudioVersion = 10.0.40219.1
Project("{888888A0-9F3D-457C-B088-3A5042F75D52}") = "Spotify_v2.0", "Spotify_v2.0\Spotify_v2.0.pyproj", "{C80A54FF-C2A3-4792-A14B-8809DE57BBCE}"
EndProject
Global
	GlobalSection(SolutionConfigurationPlatforms) = preSolution
		Debug|Any CPU = Debug|Any CPU
		Release|Any CPU = Release|Any CPU
	EndGlobalSection
	GlobalSection(ProjectConfigurationPlatforms) = postSolution
		{C80A54FF-C2A3-4792-A14B-8809DE57BBCE}.Debug|Any CPU.ActiveCfg = Debug|Any CPU
		{C80A54FF-C2A3-4792-A14B-8809DE57BBCE}.Release|Any CPU.ActiveCfg = Release|Any CPU
	EndGlobalSection
	GlobalSection(SolutionProperties) = preSolution
		HideSolutionNode = FALSE
	EndGlobalSection
	GlobalSection(ExtensibilityGlobals) = postSolution
		SolutionGuid = {8ACA5665-BA6E-42EA-A34A-676A34080BC4}
	EndGlobalSection
EndGlobal
